// !$*UTF8*$!
{
	archiveVersion = 1;
	classes = {
	};
	objectVersion = 46;
	objects = {

/* Begin PBXFileReference section */
		EEA778E114C91ACA0047A12F /* main.cpp */ = {isa = PBXFileReference; lastKnownFileType = sourcecode.cpp.cpp; path = main.cpp; sourceTree = "<group>"; };
/* End PBXFileReference section */

/* Begin PBXGroup section */
		EEA778D814C919F20047A12F = {
			isa = PBXGroup;
			children = (
				EEA778E114C91ACA0047A12F /* main.cpp */,
			);
			sourceTree = "<group>";
		};
/* End PBXGroup section */

/* Begin PBXProject section */
		EEA778DA14C919F30047A12F /* Project object */ = {
			isa = PBXProject;
			attributes = {
				LastUpgradeCheck = 0420;
			};
			buildConfigurationList = EEA778DD14C919F30047A12F /* Build configuration list for PBXProject "UCR-Papillon" */;
			compatibilityVersion = "Xcode 3.2";
			developmentRegion = English;
			hasScannedForEncodings = 0;
			knownRegions = (
				en,
			);
			mainGroup = EEA778D814C919F20047A12F;
			projectDirPath = "";
			projectRoot = "";
			targets = (
			);
		};
/* End PBXProject section */

/* Begin XCBuildConfiguration section */
		EEA778DF14C919F30047A12F /* Debug */ = {
			isa = XCBuildConfiguration;
			buildSettings = {
			};
			name = Debug;
		};
		EEA778E014C919F30047A12F /* Release */ = {
			isa = XCBuildConfiguration;
			buildSettings = {
			};
			name = Release;
		};
/* End XCBuildConfiguration section */

/* Begin XCConfigurationList section */
		EEA778DD14C919F30047A12F /* Build configuration list for PBXProject "UCR-Papillon" */ = {
			isa = XCConfigurationList;
			buildConfigurations = (
				EEA778DF14C919F30047A12F /* Debug */,
				EEA778E014C919F30047A12F /* Release */,
			);
			defaultConfigurationIsVisible = 0;
			defaultConfigurationName = Release;
		};
/* End XCConfigurationList section */
	};
	rootObject = EEA778DA14C919F30047A12F /* Project object */;
}
